Microsoft Visual Studio Solution File, Format Version 12.00
# Visual Studio Version 17
VisualStudioVersion = 17.5.2.0
MinimumVisualStudioVersion = 10.0.40219.1
Project("{2150E333-8FDC-42A3-9474-1A3956D46DE8}") = "backend", "backend", "{1AE8ACA6-933B-BF2A-3671-3E2EAC007D16}"
EndProject
Project("{FAE04EC0-301F-11D3-BF4B-00C04F79EFBC}") = "HotelManagementAPI", "backend\HotelManagementAPI.csproj", "{5EA253C2-73F5-B7FE-9C0F-4FE61EE321BB}"
EndProject
Global
	GlobalSection(SolutionConfigurationPlatforms) = preSolution
		Debug|Any CPU = Debug|Any CPU
		Release|Any CPU = Release|Any CPU
	EndGlobalSection
	GlobalSection(ProjectConfigurationPlatforms) = postSolution
		{5EA253C2-73F5-B7FE-9C0F-4FE61EE321BB}.Debug|Any CPU.ActiveCfg = Debug|Any CPU
		{5EA253C2-73F5-B7FE-9C0F-4FE61EE321BB}.Debug|Any CPU.Build.0 = Debug|Any CPU
		{5EA253C2-73F5-B7FE-9C0F-4FE61EE321BB}.Release|Any CPU.ActiveCfg = Release|Any CPU
		{5EA253C2-73F5-B7FE-9C0F-4FE61EE321BB}.Release|Any CPU.Build.0 = Release|Any CPU
	EndGlobalSection
	GlobalSection(SolutionProperties) = preSolution
		HideSolutionNode = FALSE
	EndGlobalSection
	GlobalSection(NestedProjects) = preSolution
		{5EA253C2-73F5-B7FE-9C0F-4FE61EE321BB} = {1AE8ACA6-933B-BF2A-3671-3E2EAC007D16}
	EndGlobalSection
	GlobalSection(ExtensibilityGlobals) = postSolution
		SolutionGuid = {94624C39-3C23-4BA9-8790-895C129686A8}
	EndGlobalSection
EndGlobal
